
Microsoft Visual Studio Solution File, Format Version 12.00
# Visual Studio Version 17
VisualStudioVersion = 17.7.34009.444
MinimumVisualStudioVersion = 10.0.40219.1
Project("{9A19103F-16F7-4668-BE54-9A1E7A4F7556}") = "ShelterCare.API", "ShelterCare.API.csproj", "{22741FCC-F3AE-4531-8500-56803BBBD97F}"
EndProject
Project("{9A19103F-16F7-4668-BE54-9A1E7A4F7556}") = "ShelterCare.Infrastructure", "..\ShelterCare.Infrastructure\ShelterCare.Infrastructure.csproj", "{8E3F337E-6368-4D68-8AD7-01B89A63857E}"
EndProject
Project("{9A19103F-16F7-4668-BE54-9A1E7A4F7556}") = "ShelterCare.Core", "..\ShelterCare.Core\ShelterCare.Core.csproj", "{6349DAF9-6F2F-47D1-B284-0FE0898E88FE}"
EndProject
Project("{9A19103F-16F7-4668-BE54-9A1E7A4F7556}") = "ShelterCare.Application", "..\ShelterCare.Application\ShelterCare.Application.csproj", "{36FA04BD-189A-48C2-AD23-212C3A5D372E}"
EndProject
Project("{2150E333-8FDC-42A3-9474-1A3956D46DE8}") = "Solution Items", "Solution Items", "{4A245AD6-5E79-407F-B43C-0E92066344EA}"
	ProjectSection(SolutionItems) = preProject
		Directory.build.props = Directory.build.props
	EndProjectSection
EndProject
Global
	GlobalSection(SolutionConfigurationPlatforms) = preSolution
		Debug|Any CPU = Debug|Any CPU
		Release|Any CPU = Release|Any CPU
	EndGlobalSection
	GlobalSection(ProjectConfigurationPlatforms) = postSolution
		{22741FCC-F3AE-4531-8500-56803BBBD97F}.Debug|Any CPU.ActiveCfg = Debug|Any CPU
		{22741FCC-F3AE-4531-8500-56803BBBD97F}.Debug|Any CPU.Build.0 = Debug|Any CPU
		{22741FCC-F3AE-4531-8500-56803BBBD97F}.Release|Any CPU.ActiveCfg = Release|Any CPU
		{22741FCC-F3AE-4531-8500-56803BBBD97F}.Release|Any CPU.Build.0 = Release|Any CPU
		{8E3F337E-6368-4D68-8AD7-01B89A63857E}.Debug|Any CPU.ActiveCfg = Debug|Any CPU
		{8E3F337E-6368-4D68-8AD7-01B89A63857E}.Debug|Any CPU.Build.0 = Debug|Any CPU
		{8E3F337E-6368-4D68-8AD7-01B89A63857E}.Release|Any CPU.ActiveCfg = Release|Any CPU
		{8E3F337E-6368-4D68-8AD7-01B89A63857E}.Release|Any CPU.Build.0 = Release|Any CPU
		{6349DAF9-6F2F-47D1-B284-0FE0898E88FE}.Debug|Any CPU.ActiveCfg = Debug|Any CPU
		{6349DAF9-6F2F-47D1-B284-0FE0898E88FE}.Debug|Any CPU.Build.0 = Debug|Any CPU
		{6349DAF9-6F2F-47D1-B284-0FE0898E88FE}.Release|Any CPU.ActiveCfg = Release|Any CPU
		{6349DAF9-6F2F-47D1-B284-0FE0898E88FE}.Release|Any CPU.Build.0 = Release|Any CPU
		{36FA04BD-189A-48C2-AD23-212C3A5D372E}.Debug|Any CPU.ActiveCfg = Debug|Any CPU
		{36FA04BD-189A-48C2-AD23-212C3A5D372E}.Debug|Any CPU.Build.0 = Debug|Any CPU
		{36FA04BD-189A-48C2-AD23-212C3A5D372E}.Release|Any CPU.ActiveCfg = Release|Any CPU
		{36FA04BD-189A-48C2-AD23-212C3A5D372E}.Release|Any CPU.Build.0 = Release|Any CPU
	EndGlobalSection
	GlobalSection(SolutionProperties) = preSolution
		HideSolutionNode = FALSE
	EndGlobalSection
	GlobalSection(ExtensibilityGlobals) = postSolution
		SolutionGuid = {A8D711EE-5A17-4335-A7AE-E019E1D0842C}
	EndGlobalSection
EndGlobal
